
Microsoft Visual Studio Solution File, Format Version 12.00
# Visual Studio Version 16
VisualStudioVersion = 16.0.31727.386
MinimumVisualStudioVersion = 10.0.40219.1
Project("{FAE04EC0-301F-11D3-BF4B-00C04F79EFBC}") = "DippXamarinUI.Android", "DippXamarinUI.Android\DippXamarinUI.Android.csproj", "{492675D8-CE1D-428B-A0C7-831D8069A371}"
EndProject
Project("{FAE04EC0-301F-11D3-BF4B-00C04F79EFBC}") = "DippXamarinUI.iOS", "DippXamarinUI.iOS\DippXamarinUI.iOS.csproj", "{DBEDA6AF-55AD-4CA3-87D9-B22FEBA0BB3C}"
EndProject
Project("{FAE04EC0-301F-11D3-BF4B-00C04F79EFBC}") = "DippXamarinUI", "DippXamarinUI\DippXamarinUI.csproj", "{B1C73BB0-5E78-4AA4-8C4A-39DB18602328}"
EndProject
Global
	GlobalSection(SolutionConfigurationPlatforms) = preSolution
		Debug|Any CPU = Debug|Any CPU
		Debug|iPhone = Debug|iPhone
		Debug|iPhoneSimulator = Debug|iPhoneSimulator
		Release|Any CPU = Release|Any CPU
		Release|iPhone = Release|iPhone
		Release|iPhoneSimulator = Release|iPhoneSimulator
	EndGlobalSection
	GlobalSection(ProjectConfigurationPlatforms) = postSolution
		{492675D8-CE1D-428B-A0C7-831D8069A371}.Debug|Any CPU.ActiveCfg = Debug|Any CPU
		{492675D8-CE1D-428B-A0C7-831D8069A371}.Debug|Any CPU.Build.0 = Debug|Any CPU
		{492675D8-CE1D-428B-A0C7-831D8069A371}.Debug|Any CPU.Deploy.0 = Debug|Any CPU
		{492675D8-CE1D-428B-A0C7-831D8069A371}.Debug|iPhone.ActiveCfg = Debug|Any CPU
		{492675D8-CE1D-428B-A0C7-831D8069A371}.Debug|iPhone.Build.0 = Debug|Any CPU
		{492675D8-CE1D-428B-A0C7-831D8069A371}.Debug|iPhone.Deploy.0 = Debug|Any CPU
		{492675D8-CE1D-428B-A0C7-831D8069A371}.Debug|iPhoneSimulator.ActiveCfg = Debug|Any CPU
		{492675D8-CE1D-428B-A0C7-831D8069A371}.Debug|iPhoneSimulator.Build.0 = Debug|Any CPU
		{492675D8-CE1D-428B-A0C7-831D8069A371}.Debug|iPhoneSimulator.Deploy.0 = Debug|Any CPU
		{492675D8-CE1D-428B-A0C7-831D8069A371}.Release|Any CPU.ActiveCfg = Release|Any CPU
		{492675D8-CE1D-428B-A0C7-831D8069A371}.Release|Any CPU.Build.0 = Release|Any CPU
		{492675D8-CE1D-428B-A0C7-831D8069A371}.Release|Any CPU.Deploy.0 = Release|Any CPU
		{492675D8-CE1D-428B-A0C7-831D8069A371}.Release|iPhone.ActiveCfg = Release|Any CPU
		{492675D8-CE1D-428B-A0C7-831D8069A371}.Release|iPhone.Build.0 = Release|Any CPU
		{492675D8-CE1D-428B-A0C7-831D8069A371}.Release|iPhone.Deploy.0 = Release|Any CPU
		{492675D8-CE1D-428B-A0C7-831D8069A371}.Release|iPhoneSimulator.ActiveCfg = Release|Any CPU
		{492675D8-CE1D-428B-A0C7-831D8069A371}.Release|iPhoneSimulator.Build.0 = Release|Any CPU
		{492675D8-CE1D-428B-A0C7-831D8069A371}.Release|iPhoneSimulator.Deploy.0 = Release|Any CPU
		{DBEDA6AF-55AD-4CA3-87D9-B22FEBA0BB3C}.Debug|Any CPU.ActiveCfg = Debug|iPhone
		{DBEDA6AF-55AD-4CA3-87D9-B22FEBA0BB3C}.Debug|Any CPU.Build.0 = Debug|iPhone
		{DBEDA6AF-55AD-4CA3-87D9-B22FEBA0BB3C}.Debug|Any CPU.Deploy.0 = Debug|iPhone
		{DBEDA6AF-55AD-4CA3-87D9-B22FEBA0BB3C}.Debug|iPhone.ActiveCfg = Debug|iPhone
		{DBEDA6AF-55AD-4CA3-87D9-B22FEBA0BB3C}.Debug|iPhone.Build.0 = Debug|iPhone
		{DBEDA6AF-55AD-4CA3-87D9-B22FEBA0BB3C}.Debug|iPhone.Deploy.0 = Debug|iPhone
		{DBEDA6AF-55AD-4CA3-87D9-B22FEBA0BB3C}.Debug|iPhoneSimulator.ActiveCfg = Debug|iPhoneSimulator
		{DBEDA6AF-55AD-4CA3-87D9-B22FEBA0BB3C}.Debug|iPhoneSimulator.Build.0 = Debug|iPhoneSimulator
		{DBEDA6AF-55AD-4CA3-87D9-B22FEBA0BB3C}.Debug|iPhoneSimulator.Deploy.0 = Debug|iPhoneSimulator
		{DBEDA6AF-55AD-4CA3-87D9-B22FEBA0BB3C}.Release|Any CPU.ActiveCfg = Release|iPhoneSimulator
		{DBEDA6AF-55AD-4CA3-87D9-B22FEBA0BB3C}.Release|Any CPU.Build.0 = Release|iPhoneSimulator
		{DBEDA6AF-55AD-4CA3-87D9-B22FEBA0BB3C}.Release|Any CPU.Deploy.0 = Release|iPhoneSimulator
		{DBEDA6AF-55AD-4CA3-87D9-B22FEBA0BB3C}.Release|iPhone.ActiveCfg = Release|iPhone
		{DBEDA6AF-55AD-4CA3-87D9-B22FEBA0BB3C}.Release|iPhone.Build.0 = Release|iPhone
		{DBEDA6AF-55AD-4CA3-87D9-B22FEBA0BB3C}.Release|iPhone.Deploy.0 = Release|iPhone
		{DBEDA6AF-55AD-4CA3-87D9-B22FEBA0BB3C}.Release|iPhoneSimulator.ActiveCfg = Release|iPhoneSimulator
		{DBEDA6AF-55AD-4CA3-87D9-B22FEBA0BB3C}.Release|iPhoneSimulator.Build.0 = Release|iPhoneSimulator
		{DBEDA6AF-55AD-4CA3-87D9-B22FEBA0BB3C}.Release|iPhoneSimulator.Deploy.0 = Release|iPhoneSimulator
		{B1C73BB0-5E78-4AA4-8C4A-39DB18602328}.Debug|Any CPU.ActiveCfg = Debug|Any CPU
		{B1C73BB0-5E78-4AA4-8C4A-39DB18602328}.Debug|Any CPU.Build.0 = Debug|Any CPU
		{B1C73BB0-5E78-4AA4-8C4A-39DB18602328}.Debug|Any CPU.Deploy.0 = Debug|Any CPU
		{B1C73BB0-5E78-4AA4-8C4A-39DB18602328}.Debug|iPhone.ActiveCfg = Debug|Any CPU
		{B1C73BB0-5E78-4AA4-8C4A-39DB18602328}.Debug|iPhone.Build.0 = Debug|Any CPU
		{B1C73BB0-5E78-4AA4-8C4A-39DB18602328}.Debug|iPhone.Deploy.0 = Debug|Any CPU
		{B1C73BB0-5E78-4AA4-8C4A-39DB18602328}.Debug|iPhoneSimulator.ActiveCfg = Debug|Any CPU
		{B1C73BB0-5E78-4AA4-8C4A-39DB18602328}.Debug|iPhoneSimulator.Build.0 = Debug|Any CPU
		{B1C73BB0-5E78-4AA4-8C4A-39DB18602328}.Debug|iPhoneSimulator.Deploy.0 = Debug|Any CPU
		{B1C73BB0-5E78-4AA4-8C4A-39DB18602328}.Release|Any CPU.ActiveCfg = Release|Any CPU
		{B1C73BB0-5E78-4AA4-8C4A-39DB18602328}.Release|Any CPU.Build.0 = Release|Any CPU
		{B1C73BB0-5E78-4AA4-8C4A-39DB18602328}.Release|Any CPU.Deploy.0 = Release|Any CPU
		{B1C73BB0-5E78-4AA4-8C4A-39DB18602328}.Release|iPhone.ActiveCfg = Release|Any CPU
		{B1C73BB0-5E78-4AA4-8C4A-39DB18602328}.Release|iPhone.Build.0 = Release|Any CPU
		{B1C73BB0-5E78-4AA4-8C4A-39DB18602328}.Release|iPhone.Deploy.0 = Release|Any CPU
		{B1C73BB0-5E78-4AA4-8C4A-39DB18602328}.Release|iPhoneSimulator.ActiveCfg = Release|Any CPU
		{B1C73BB0-5E78-4AA4-8C4A-39DB18602328}.Release|iPhoneSimulator.Build.0 = Release|Any CPU
		{B1C73BB0-5E78-4AA4-8C4A-39DB18602328}.Release|iPhoneSimulator.Deploy.0 = Release|Any CPU
	EndGlobalSection
	GlobalSection(SolutionProperties) = preSolution
		HideSolutionNode = FALSE
	EndGlobalSection
	GlobalSection(ExtensibilityGlobals) = postSolution
		SolutionGuid = {5F00BA46-8B20-48D7-A254-F9948B17B146}
	EndGlobalSection
EndGlobal
